// !$*UTF8*$!
{
	archiveVersion = 1;
	classes = {
	};
	objectVersion = 56;
	objects = {

/* Begin PBXBuildFile section */
		63AB9B992B7721E10028C6CB /* Post.swift in Sources */ = {isa = PBXBuildFile; fileRef = 63AB9B982B7721E10028C6CB /* Post.swift */; };
		63AB9B9C2B772A430028C6CB /* SDWebImage in Frameworks */ = {isa = PBXBuildFile; productRef = 63AB9B9B2B772A430028C6CB /* SDWebImage */; };
		63AB9B9E2B772A430028C6CB /* SDWebImageMapKit in Frameworks */ = {isa = PBXBuildFile; productRef = 63AB9B9D2B772A430028C6CB /* SDWebImageMapKit */; };
		63AB9BA52B7835070028C6CB /* Endpoint.swift in Sources */ = {isa = PBXBuildFile; fileRef = 63AB9BA42B7835070028C6CB /* Endpoint.swift */; };
		63AB9BA72B7835C50028C6CB /* RequestType.swift in Sources */ = {isa = PBXBuildFile; fileRef = 63AB9BA62B7835C50028C6CB /* RequestType.swift */; };
		63AB9BAA2B7836660028C6CB /* RequestError.swift in Sources */ = {isa = PBXBuildFile; fileRef = 63AB9BA92B7836660028C6CB /* RequestError.swift */; };
		63AB9BAC2B78369F0028C6CB /* HTTPClient.swift in Sources */ = {isa = PBXBuildFile; fileRef = 63AB9BAB2B78369F0028C6CB /* HTTPClient.swift */; };
		63AB9BAE2B7839490028C6CB /* PostsEndpoint.swift in Sources */ = {isa = PBXBuildFile; fileRef = 63AB9BAD2B7839490028C6CB /* PostsEndpoint.swift */; };
		63AB9BB02B783C3C0028C6CB /* PostsService.swift in Sources */ = {isa = PBXBuildFile; fileRef = 63AB9BAF2B783C3C0028C6CB /* PostsService.swift */; };
		63B908B92B76AED50007E37D /* AppDelegate.swift in Sources */ = {isa = PBXBuildFile; fileRef = 63B908B82B76AED50007E37D /* AppDelegate.swift */; };
		63B908BB2B76AED50007E37D /* SceneDelegate.swift in Sources */ = {isa = PBXBuildFile; fileRef = 63B908BA2B76AED50007E37D /* SceneDelegate.swift */; };
		63B908BD2B76AED50007E37D /* PostViewController.swift in Sources */ = {isa = PBXBuildFile; fileRef = 63B908BC2B76AED50007E37D /* PostViewController.swift */; };
		63B908C02B76AED50007E37D /* Main.storyboard in Resources */ = {isa = PBXBuildFile; fileRef = 63B908BE2B76AED50007E37D /* Main.storyboard */; };
		63B908C22B76AED60007E37D /* Assets.xcassets in Resources */ = {isa = PBXBuildFile; fileRef = 63B908C12B76AED60007E37D /* Assets.xcassets */; };
		63B908C52B76AED60007E37D /* LaunchScreen.storyboard in Resources */ = {isa = PBXBuildFile; fileRef = 63B908C32B76AED60007E37D /* LaunchScreen.storyboard */; };
/* End PBXBuildFile section */

/* Begin PBXFileReference section */
		63AB9B982B7721E10028C6CB /* Post.swift */ = {isa = PBXFileReference; lastKnownFileType = sourcecode.swift; path = Post.swift; sourceTree = "<group>"; };
		63AB9BA42B7835070028C6CB /* Endpoint.swift */ = {isa = PBXFileReference; lastKnownFileType = sourcecode.swift; path = Endpoint.swift; sourceTree = "<group>"; };
		63AB9BA62B7835C50028C6CB /* RequestType.swift */ = {isa = PBXFileReference; lastKnownFileType = sourcecode.swift; path = RequestType.swift; sourceTree = "<group>"; };
		63AB9BA92B7836660028C6CB /* RequestError.swift */ = {isa = PBXFileReference; lastKnownFileType = sourcecode.swift; path = RequestError.swift; sourceTree = "<group>"; };
		63AB9BAB2B78369F0028C6CB /* HTTPClient.swift */ = {isa = PBXFileReference; lastKnownFileType = sourcecode.swift; path = HTTPClient.swift; sourceTree = "<group>"; };
		63AB9BAD2B7839490028C6CB /* PostsEndpoint.swift */ = {isa = PBXFileReference; lastKnownFileType = sourcecode.swift; path = PostsEndpoint.swift; sourceTree = "<group>"; };
		63AB9BAF2B783C3C0028C6CB /* PostsService.swift */ = {isa = PBXFileReference; lastKnownFileType = sourcecode.swift; path = PostsService.swift; sourceTree = "<group>"; };
		63B908B52B76AED50007E37D /* RedditReader.app */ = {isa = PBXFileReference; explicitFileType = wrapper.application; includeInIndex = 0; path = RedditReader.app; sourceTree = BUILT_PRODUCTS_DIR; };
		63B908B82B76AED50007E37D /* AppDelegate.swift */ = {isa = PBXFileReference; lastKnownFileType = sourcecode.swift; path = AppDelegate.swift; sourceTree = "<group>"; };
		63B908BA2B76AED50007E37D /* SceneDelegate.swift */ = {isa = PBXFileReference; lastKnownFileType = sourcecode.swift; path = SceneDelegate.swift; sourceTree = "<group>"; };
		63B908BC2B76AED50007E37D /* PostViewController.swift */ = {isa = PBXFileReference; lastKnownFileType = sourcecode.swift; path = PostViewController.swift; sourceTree = "<group>"; };
		63B908BF2B76AED50007E37D /* Base */ = {isa = PBXFileReference; lastKnownFileType = file.storyboard; name = Base; path = Base.lproj/Main.storyboard; sourceTree = "<group>"; };
		63B908C12B76AED60007E37D /* Assets.xcassets */ = {isa = PBXFileReference; lastKnownFileType = folder.assetcatalog; path = Assets.xcassets; sourceTree = "<group>"; };
		63B908C42B76AED60007E37D /* Base */ = {isa = PBXFileReference; lastKnownFileType = file.storyboard; name = Base; path = Base.lproj/LaunchScreen.storyboard; sourceTree = "<group>"; };
		63B908C62B76AED60007E37D /* Info.plist */ = {isa = PBXFileReference; lastKnownFileType = text.plist.xml; path = Info.plist; sourceTree = "<group>"; };
/* End PBXFileReference section */

/* Begin PBXFrameworksBuildPhase section */
		63B908B22B76AED50007E37D /* Frameworks */ = {
			isa = PBXFrameworksBuildPhase;
			buildActionMask = 2147483647;
			files = (
				63AB9B9E2B772A430028C6CB /* SDWebImageMapKit in Frameworks */,
				63AB9B9C2B772A430028C6CB /* SDWebImage in Frameworks */,
			);
			runOnlyForDeploymentPostprocessing = 0;
		};
/* End PBXFrameworksBuildPhase section */

/* Begin PBXGroup section */
		63AB9B972B7721770028C6CB /* Models */ = {
			isa = PBXGroup;
			children = (
				63AB9B982B7721E10028C6CB /* Post.swift */,
			);
			path = Models;
			sourceTree = "<group>";
		};
		63AB9B9F2B7834B40028C6CB /* Controllers */ = {
			isa = PBXGroup;
			children = (
			);
			path = Controllers;
			sourceTree = "<group>";
		};
		63AB9BA02B7834C60028C6CB /* Network */ = {
			isa = PBXGroup;
			children = (
				63AB9BA32B7834EA0028C6CB /* Services */,
				63AB9BA22B7834E20028C6CB /* Endpoints */,
				63AB9BA12B7834DC0028C6CB /* Base */,
			);
			path = Network;
			sourceTree = "<group>";
		};
		63AB9BA12B7834DC0028C6CB /* Base */ = {
			isa = PBXGroup;
			children = (
				63AB9BA42B7835070028C6CB /* Endpoint.swift */,
				63AB9BA62B7835C50028C6CB /* RequestType.swift */,
				63AB9BA92B7836660028C6CB /* RequestError.swift */,
				63AB9BAB2B78369F0028C6CB /* HTTPClient.swift */,
			);
			path = Base;
			sourceTree = "<group>";
		};
		63AB9BA22B7834E20028C6CB /* Endpoints */ = {
			isa = PBXGroup;
			children = (
				63AB9BAD2B7839490028C6CB /* PostsEndpoint.swift */,
			);
			path = Endpoints;
			sourceTree = "<group>";
		};
		63AB9BA32B7834EA0028C6CB /* Services */ = {
			isa = PBXGroup;
			children = (
				63AB9BAF2B783C3C0028C6CB /* PostsService.swift */,
			);
			path = Services;
			sourceTree = "<group>";
		};
		63B908AC2B76AED50007E37D = {
			isa = PBXGroup;
			children = (
				63B908B72B76AED50007E37D /* RedditReader */,
				63B908B62B76AED50007E37D /* Products */,
			);
			sourceTree = "<group>";
		};
		63B908B62B76AED50007E37D /* Products */ = {
			isa = PBXGroup;
			children = (
				63B908B52B76AED50007E37D /* RedditReader.app */,
			);
			name = Products;
			sourceTree = "<group>";
		};
		63B908B72B76AED50007E37D /* RedditReader */ = {
			isa = PBXGroup;
			children = (
				63AB9BA02B7834C60028C6CB /* Network */,
				63AB9B9F2B7834B40028C6CB /* Controllers */,
				63AB9B972B7721770028C6CB /* Models */,
				63B908B82B76AED50007E37D /* AppDelegate.swift */,
				63B908BA2B76AED50007E37D /* SceneDelegate.swift */,
				63B908BC2B76AED50007E37D /* PostViewController.swift */,
				63B908BE2B76AED50007E37D /* Main.storyboard */,
				63B908C12B76AED60007E37D /* Assets.xcassets */,
				63B908C32B76AED60007E37D /* LaunchScreen.storyboard */,
				63B908C62B76AED60007E37D /* Info.plist */,
			);
			path = RedditReader;
			sourceTree = "<group>";
		};
/* End PBXGroup section */

/* Begin PBXNativeTarget section */
		63B908B42B76AED50007E37D /* RedditReader */ = {
			isa = PBXNativeTarget;
			buildConfigurationList = 63B908C92B76AED60007E37D /* Build configuration list for PBXNativeTarget "RedditReader" */;
			buildPhases = (
				63B908B12B76AED50007E37D /* Sources */,
				63B908B22B76AED50007E37D /* Frameworks */,
				63B908B32B76AED50007E37D /* Resources */,
			);
			buildRules = (
			);
			dependencies = (
			);
			name = RedditReader;
			packageProductDependencies = (
				63AB9B9B2B772A430028C6CB /* SDWebImage */,
				63AB9B9D2B772A430028C6CB /* SDWebImageMapKit */,
			);
			productName = RedditReader;
			productReference = 63B908B52B76AED50007E37D /* RedditReader.app */;
			productType = "com.apple.product-type.application";
		};
/* End PBXNativeTarget section */

/* Begin PBXProject section */
		63B908AD2B76AED50007E37D /* Project object */ = {
			isa = PBXProject;
			attributes = {
				BuildIndependentTargetsInParallel = 1;
				LastSwiftUpdateCheck = 1500;
				LastUpgradeCheck = 1500;
				TargetAttributes = {
					63B908B42B76AED50007E37D = {
						CreatedOnToolsVersion = 15.0.1;
					};
				};
			};
			buildConfigurationList = 63B908B02B76AED50007E37D /* Build configuration list for PBXProject "RedditReader" */;
			compatibilityVersion = "Xcode 14.0";
			developmentRegion = en;
			hasScannedForEncodings = 0;
			knownRegions = (
				en,
				Base,
			);
			mainGroup = 63B908AC2B76AED50007E37D;
			packageReferences = (
				63AB9B9A2B772A430028C6CB /* XCRemoteSwiftPackageReference "SDWebImage" */,
			);
			productRefGroup = 63B908B62B76AED50007E37D /* Products */;
			projectDirPath = "";
			projectRoot = "";
			targets = (
				63B908B42B76AED50007E37D /* RedditReader */,
			);
		};
/* End PBXProject section */

/* Begin PBXResourcesBuildPhase section */
		63B908B32B76AED50007E37D /* Resources */ = {
			isa = PBXResourcesBuildPhase;
			buildActionMask = 2147483647;
			files = (
				63B908C52B76AED60007E37D /* LaunchScreen.storyboard in Resources */,
				63B908C22B76AED60007E37D /* Assets.xcassets in Resources */,
				63B908C02B76AED50007E37D /* Main.storyboard in Resources */,
			);
			runOnlyForDeploymentPostprocessing = 0;
		};
/* End PBXResourcesBuildPhase section */

/* Begin PBXSourcesBuildPhase section */
		63B908B12B76AED50007E37D /* Sources */ = {
			isa = PBXSourcesBuildPhase;
			buildActionMask = 2147483647;
			files = (
				63AB9BAA2B7836660028C6CB /* RequestError.swift in Sources */,
				63B908BD2B76AED50007E37D /* PostViewController.swift in Sources */,
				63AB9BAC2B78369F0028C6CB /* HTTPClient.swift in Sources */,
				63B908B92B76AED50007E37D /* AppDelegate.swift in Sources */,
				63AB9BA72B7835C50028C6CB /* RequestType.swift in Sources */,
				63AB9BB02B783C3C0028C6CB /* PostsService.swift in Sources */,
				63B908BB2B76AED50007E37D /* SceneDelegate.swift in Sources */,
				63AB9B992B7721E10028C6CB /* Post.swift in Sources */,
				63AB9BA52B7835070028C6CB /* Endpoint.swift in Sources */,
				63AB9BAE2B7839490028C6CB /* PostsEndpoint.swift in Sources */,
			);
			runOnlyForDeploymentPostprocessing = 0;
		};
/* End PBXSourcesBuildPhase section */

/* Begin PBXVariantGroup section */
		63B908BE2B76AED50007E37D /* Main.storyboard */ = {
			isa = PBXVariantGroup;
			children = (
				63B908BF2B76AED50007E37D /* Base */,
			);
			name = Main.storyboard;
			sourceTree = "<group>";
		};
		63B908C32B76AED60007E37D /* LaunchScreen.storyboard */ = {
			isa = PBXVariantGroup;
			children = (
				63B908C42B76AED60007E37D /* Base */,
			);
			name = LaunchScreen.storyboard;
			sourceTree = "<group>";
		};
/* End PBXVariantGroup section */

/* Begin XCBuildConfiguration section */
		63B908C72B76AED60007E37D /* Debug */ = {
			isa = XCBuildConfiguration;
			buildSettings = {
				ALWAYS_SEARCH_USER_PATHS = NO;
				ASSETCATALOG_COMPILER_GENERATE_SWIFT_ASSET_SYMBOL_EXTENSIONS = YES;
				CLANG_ANALYZER_NONNULL = YES;
				CLANG_ANALYZER_NUMBER_OBJECT_CONVERSION = YES_AGGRESSIVE;
				CLANG_CXX_LANGUAGE_STANDARD = "gnu++20";
				CLANG_ENABLE_MODULES = YES;
				CLANG_ENABLE_OBJC_ARC = YES;
				CLANG_ENABLE_OBJC_WEAK = YES;
				CLANG_WARN_BLOCK_CAPTURE_AUTORELEASING = YES;
				CLANG_WARN_BOOL_CONVERSION = YES;
				CLANG_WARN_COMMA = YES;
				CLANG_WARN_CONSTANT_CONVERSION = YES;
				CLANG_WARN_DEPRECATED_OBJC_IMPLEMENTATIONS = YES;
				CLANG_WARN_DIRECT_OBJC_ISA_USAGE = YES_ERROR;
				CLANG_WARN_DOCUMENTATION_COMMENTS = YES;
				CLANG_WARN_EMPTY_BODY = YES;
				CLANG_WARN_ENUM_CONVERSION = YES;
				CLANG_WARN_INFINITE_RECURSION = YES;
				CLANG_WARN_INT_CONVERSION = YES;
				CLANG_WARN_NON_LITERAL_NULL_CONVERSION = YES;
				CLANG_WARN_OBJC_IMPLICIT_RETAIN_SELF = YES;
				CLANG_WARN_OBJC_LITERAL_CONVERSION = YES;
				CLANG_WARN_OBJC_ROOT_CLASS = YES_ERROR;
				CLANG_WARN_QUOTED_INCLUDE_IN_FRAMEWORK_HEADER = YES;
				CLANG_WARN_RANGE_LOOP_ANALYSIS = YES;
				CLANG_WARN_STRICT_PROTOTYPES = YES;
				CLANG_WARN_SUSPICIOUS_MOVE = YES;
				CLANG_WARN_UNGUARDED_AVAILABILITY = YES_AGGRESSIVE;
				CLANG_WARN_UNREACHABLE_CODE = YES;
				CLANG_WARN__DUPLICATE_METHOD_MATCH = YES;
				COPY_PHASE_STRIP = NO;
				DEBUG_INFORMATION_FORMAT = dwarf;
				ENABLE_STRICT_OBJC_MSGSEND = YES;
				ENABLE_TESTABILITY = YES;
				ENABLE_USER_SCRIPT_SANDBOXING = YES;
				GCC_C_LANGUAGE_STANDARD = gnu17;
				GCC_DYNAMIC_NO_PIC = NO;
				GCC_NO_COMMON_BLOCKS = YES;
				GCC_OPTIMIZATION_LEVEL = 0;
				GCC_PREPROCESSOR_DEFINITIONS = (
					"DEBUG=1",
					"$(inherited)",
				);
				GCC_WARN_64_TO_32_BIT_CONVERSION = YES;
				GCC_WARN_ABOUT_RETURN_TYPE = YES_ERROR;
				GCC_WARN_UNDECLARED_SELECTOR = YES;
				GCC_WARN_UNINITIALIZED_AUTOS = YES_AGGRESSIVE;
				GCC_WARN_UNUSED_FUNCTION = YES;
				GCC_WARN_UNUSED_VARIABLE = YES;
				IPHONEOS_DEPLOYMENT_TARGET = 17.0;
				LOCALIZATION_PREFERS_STRING_CATALOGS = YES;
				MTL_ENABLE_DEBUG_INFO = INCLUDE_SOURCE;
				MTL_FAST_MATH = YES;
				ONLY_ACTIVE_ARCH = YES;
				SDKROOT = iphoneos;
				SWIFT_ACTIVE_COMPILATION_CONDITIONS = "DEBUG $(inherited)";
				SWIFT_OPTIMIZATION_LEVEL = "-Onone";
			};
			name = Debug;
		};
		63B908C82B76AED60007E37D /* Release */ = {
			isa = XCBuildConfiguration;
			buildSettings = {
				ALWAYS_SEARCH_USER_PATHS = NO;
				ASSETCATALOG_COMPILER_GENERATE_SWIFT_ASSET_SYMBOL_EXTENSIONS = YES;
				CLANG_ANALYZER_NONNULL = YES;
				CLANG_ANALYZER_NUMBER_OBJECT_CONVERSION = YES_AGGRESSIVE;
				CLANG_CXX_LANGUAGE_STANDARD = "gnu++20";
				CLANG_ENABLE_MODULES = YES;
				CLANG_ENABLE_OBJC_ARC = YES;
				CLANG_ENABLE_OBJC_WEAK = YES;
				CLANG_WARN_BLOCK_CAPTURE_AUTORELEASING = YES;
				CLANG_WARN_BOOL_CONVERSION = YES;
				CLANG_WARN_COMMA = YES;
				CLANG_WARN_CONSTANT_CONVERSION = YES;
				CLANG_WARN_DEPRECATED_OBJC_IMPLEMENTATIONS = YES;
				CLANG_WARN_DIRECT_OBJC_ISA_USAGE = YES_ERROR;
				CLANG_WARN_DOCUMENTATION_COMMENTS = YES;
				CLANG_WARN_EMPTY_BODY = YES;
				CLANG_WARN_ENUM_CONVERSION = YES;
				CLANG_WARN_INFINITE_RECURSION = YES;
				CLANG_WARN_INT_CONVERSION = YES;
				CLANG_WARN_NON_LITERAL_NULL_CONVERSION = YES;
				CLANG_WARN_OBJC_IMPLICIT_RETAIN_SELF = YES;
				CLANG_WARN_OBJC_LITERAL_CONVERSION = YES;
				CLANG_WARN_OBJC_ROOT_CLASS = YES_ERROR;
				CLANG_WARN_QUOTED_INCLUDE_IN_FRAMEWORK_HEADER = YES;
				CLANG_WARN_RANGE_LOOP_ANALYSIS = YES;
				CLANG_WARN_STRICT_PROTOTYPES = YES;
				CLANG_WARN_SUSPICIOUS_MOVE = YES;
				CLANG_WARN_UNGUARDED_AVAILABILITY = YES_AGGRESSIVE;
				CLANG_WARN_UNREACHABLE_CODE = YES;
				CLANG_WARN__DUPLICATE_METHOD_MATCH = YES;
				COPY_PHASE_STRIP = NO;
				DEBUG_INFORMATION_FORMAT = "dwarf-with-dsym";
				ENABLE_NS_ASSERTIONS = NO;
				ENABLE_STRICT_OBJC_MSGSEND = YES;
				ENABLE_USER_SCRIPT_SANDBOXING = YES;
				GCC_C_LANGUAGE_STANDARD = gnu17;
				GCC_NO_COMMON_BLOCKS = YES;
				GCC_WARN_64_TO_32_BIT_CONVERSION = YES;
				GCC_WARN_ABOUT_RETURN_TYPE = YES_ERROR;
				GCC_WARN_UNDECLARED_SELECTOR = YES;
				GCC_WARN_UNINITIALIZED_AUTOS = YES_AGGRESSIVE;
				GCC_WARN_UNUSED_FUNCTION = YES;
				GCC_WARN_UNUSED_VARIABLE = YES;
				IPHONEOS_DEPLOYMENT_TARGET = 17.0;
				LOCALIZATION_PREFERS_STRING_CATALOGS = YES;
				MTL_ENABLE_DEBUG_INFO = NO;
				MTL_FAST_MATH = YES;
				SDKROOT = iphoneos;
				SWIFT_COMPILATION_MODE = wholemodule;
				VALIDATE_PRODUCT = YES;
			};
			name = Release;
		};
		63B908CA2B76AED60007E37D /* Debug */ = {
			isa = XCBuildConfiguration;
			buildSettings = {
				ASSETCATALOG_COMPILER_APPICON_NAME = AppIcon;
				ASSETCATALOG_COMPILER_GLOBAL_ACCENT_COLOR_NAME = AccentColor;
				CODE_SIGN_STYLE = Automatic;
				CURRENT_PROJECT_VERSION = 1;
				DEVELOPMENT_TEAM = VNU8KKW4GG;
				GENERATE_INFOPLIST_FILE = YES;
				INFOPLIST_FILE = RedditReader/Info.plist;
				INFOPLIST_KEY_UIApplicationSupportsIndirectInputEvents = YES;
				INFOPLIST_KEY_UILaunchStoryboardName = LaunchScreen;
				INFOPLIST_KEY_UIMainStoryboardFile = Main;
				INFOPLIST_KEY_UISupportedInterfaceOrientations_iPad = "UIInterfaceOrientationPortrait UIInterfaceOrientationPortraitUpsideDown UIInterfaceOrientationLandscapeLeft UIInterfaceOrientationLandscapeRight";
				INFOPLIST_KEY_UISupportedInterfaceOrientations_iPhone = "UIInterfaceOrientationPortrait UIInterfaceOrientationLandscapeLeft UIInterfaceOrientationLandscapeRight";
				LD_RUNPATH_SEARCH_PATHS = (
					"$(inherited)",
					"@executable_path/Frameworks",
				);
				MARKETING_VERSION = 1.0;
				PRODUCT_BUNDLE_IDENTIFIER = edu.ukma.kristina.RedditReader;
				PRODUCT_NAME = "$(TARGET_NAME)";
				SUPPORTED_PLATFORMS = "iphoneos iphonesimulator";
				SUPPORTS_MACCATALYST = NO;
				SUPPORTS_MAC_DESIGNED_FOR_IPHONE_IPAD = NO;
				SWIFT_EMIT_LOC_STRINGS = YES;
				SWIFT_VERSION = 5.0;
				TARGETED_DEVICE_FAMILY = 1;
			};
			name = Debug;
		};
		63B908CB2B76AED60007E37D /* Release */ = {
			isa = XCBuildConfiguration;
			buildSettings = {
				ASSETCATALOG_COMPILER_APPICON_NAME = AppIcon;
				ASSETCATALOG_COMPILER_GLOBAL_ACCENT_COLOR_NAME = AccentColor;
				CODE_SIGN_STYLE = Automatic;
				CURRENT_PROJECT_VERSION = 1;
				DEVELOPMENT_TEAM = VNU8KKW4GG;
				GENERATE_INFOPLIST_FILE = YES;
				INFOPLIST_FILE = RedditReader/Info.plist;
				INFOPLIST_KEY_UIApplicationSupportsIndirectInputEvents = YES;
				INFOPLIST_KEY_UILaunchStoryboardName = LaunchScreen;
				INFOPLIST_KEY_UIMainStoryboardFile = Main;
				INFOPLIST_KEY_UISupportedInterfaceOrientations_iPad = "UIInterfaceOrientationPortrait UIInterfaceOrientationPortraitUpsideDown UIInterfaceOrientationLandscapeLeft UIInterfaceOrientationLandscapeRight";
				INFOPLIST_KEY_UISupportedInterfaceOrientations_iPhone = "UIInterfaceOrientationPortrait UIInterfaceOrientationLandscapeLeft UIInterfaceOrientationLandscapeRight";
				LD_RUNPATH_SEARCH_PATHS = (
					"$(inherited)",
					"@executable_path/Frameworks",
				);
				MARKETING_VERSION = 1.0;
				PRODUCT_BUNDLE_IDENTIFIER = edu.ukma.kristina.RedditReader;
				PRODUCT_NAME = "$(TARGET_NAME)";
				SUPPORTED_PLATFORMS = "iphoneos iphonesimulator";
				SUPPORTS_MACCATALYST = NO;
				SUPPORTS_MAC_DESIGNED_FOR_IPHONE_IPAD = NO;
				SWIFT_EMIT_LOC_STRINGS = YES;
				SWIFT_VERSION = 5.0;
				TARGETED_DEVICE_FAMILY = 1;
			};
			name = Release;
		};
/* End XCBuildConfiguration section */

/* Begin XCConfigurationList section */
		63B908B02B76AED50007E37D /* Build configuration list for PBXProject "RedditReader" */ = {
			isa = XCConfigurationList;
			buildConfigurations = (
				63B908C72B76AED60007E37D /* Debug */,
				63B908C82B76AED60007E37D /* Release */,
			);
			defaultConfigurationIsVisible = 0;
			defaultConfigurationName = Release;
		};
		63B908C92B76AED60007E37D /* Build configuration list for PBXNativeTarget "RedditReader" */ = {
			isa = XCConfigurationList;
			buildConfigurations = (
				63B908CA2B76AED60007E37D /* Debug */,
				63B908CB2B76AED60007E37D /* Release */,
			);
			defaultConfigurationIsVisible = 0;
			defaultConfigurationName = Release;
		};
/* End XCConfigurationList section */

/* Begin XCRemoteSwiftPackageReference section */
		63AB9B9A2B772A430028C6CB /* XCRemoteSwiftPackageReference "SDWebImage" */ = {
			isa = XCRemoteSwiftPackageReference;
			repositoryURL = "https://github.com/SDWebImage/SDWebImage.git";
			requirement = {
				kind = upToNextMajorVersion;
				minimumVersion = 5.18.10;
			};
		};
/* End XCRemoteSwiftPackageReference section */

/* Begin XCSwiftPackageProductDependency section */
		63AB9B9B2B772A430028C6CB /* SDWebImage */ = {
			isa = XCSwiftPackageProductDependency;
			package = 63AB9B9A2B772A430028C6CB /* XCRemoteSwiftPackageReference "SDWebImage" */;
			productName = SDWebImage;
		};
		63AB9B9D2B772A430028C6CB /* SDWebImageMapKit */ = {
			isa = XCSwiftPackageProductDependency;
			package = 63AB9B9A2B772A430028C6CB /* XCRemoteSwiftPackageReference "SDWebImage" */;
			productName = SDWebImageMapKit;
		};
/* End XCSwiftPackageProductDependency section */
	};
	rootObject = 63B908AD2B76AED50007E37D /* Project object */;
}
